// !$*UTF8*$!
{
	archiveVersion = 1;
	classes = {
	};
	objectVersion = 46;
	objects = {

/* Begin PBXBuildFile section */
		23D71D971AF569E400B58BB9 /* AppDelegate.swift in Sources */ = {isa = PBXBuildFile; fileRef = 23D71D961AF569E400B58BB9 /* AppDelegate.swift */; };
		23D71D991AF569E400B58BB9 /* ViewController.swift in Sources */ = {isa = PBXBuildFile; fileRef = 23D71D981AF569E400B58BB9 /* ViewController.swift */; };
		23D71DA11AF569E500B58BB9 /* LaunchScreen.xib in Resources */ = {isa = PBXBuildFile; fileRef = 23D71D9F1AF569E500B58BB9 /* LaunchScreen.xib */; };
		23D71DAD1AF569E500B58BB9 /* RateMyPartyTests.swift in Sources */ = {isa = PBXBuildFile; fileRef = 23D71DAC1AF569E500B58BB9 /* RateMyPartyTests.swift */; };
		23D71DB71AF56E1800B58BB9 /* party.jpg in Resources */ = {isa = PBXBuildFile; fileRef = 23D71DB61AF56E1800B58BB9 /* party.jpg */; };
		23D71DBA1AF582A400B58BB9 /* SignUpViewController.swift in Sources */ = {isa = PBXBuildFile; fileRef = 23D71DB91AF582A400B58BB9 /* SignUpViewController.swift */; };
		23D71DBE1AF5952300B58BB9 /* freshman.jpg in Resources */ = {isa = PBXBuildFile; fileRef = 23D71DBD1AF5952300B58BB9 /* freshman.jpg */; };
		23D71DC01AF5DB8300B58BB9 /* MapViewController.swift in Sources */ = {isa = PBXBuildFile; fileRef = 23D71DBF1AF5DB8300B58BB9 /* MapViewController.swift */; };
		23D71DC21AF5E98A00B58BB9 /* UserDatabase.swift in Sources */ = {isa = PBXBuildFile; fileRef = 23D71DC11AF5E98A00B58BB9 /* UserDatabase.swift */; };
		23D71DC51AF5EF9400B58BB9 /* CloudKit.framework in Frameworks */ = {isa = PBXBuildFile; fileRef = 23D71DC41AF5EF9400B58BB9 /* CloudKit.framework */; };
		23D71DC71AF61E1E00B58BB9 /* UserItem.swift in Sources */ = {isa = PBXBuildFile; fileRef = 23D71DC61AF61E1E00B58BB9 /* UserItem.swift */; };
		23D71DCB1AF6E3E000B58BB9 /* Main.storyboard in Resources */ = {isa = PBXBuildFile; fileRef = 23D71DCA1AF6E3E000B58BB9 /* Main.storyboard */; };
		BBE939E61AF7585A00050D6A /* AddHouseDelegate.swift in Sources */ = {isa = PBXBuildFile; fileRef = BBE939E51AF7585A00050D6A /* AddHouseDelegate.swift */; };
		BBE939E81AF7594300050D6A /* AddHouseViewController.swift in Sources */ = {isa = PBXBuildFile; fileRef = BBE939E71AF7594300050D6A /* AddHouseViewController.swift */; };
		BBE939EA1AF853A200050D6A /* TopCloud.swift in Sources */ = {isa = PBXBuildFile; fileRef = BBE939E91AF853A200050D6A /* TopCloud.swift */; };
		BBE939EC1AF8754300050D6A /* PinDatabase.swift in Sources */ = {isa = PBXBuildFile; fileRef = BBE939EB1AF8754300050D6A /* PinDatabase.swift */; };
		BBE939EE1AF89F9F00050D6A /* HouseItem.swift in Sources */ = {isa = PBXBuildFile; fileRef = BBE939ED1AF89F9F00050D6A /* HouseItem.swift */; };
/* End PBXBuildFile section */

/* Begin PBXContainerItemProxy section */
		23D71DA71AF569E500B58BB9 /* PBXContainerItemProxy */ = {
			isa = PBXContainerItemProxy;
			containerPortal = 23D71D891AF569E400B58BB9 /* Project object */;
			proxyType = 1;
			remoteGlobalIDString = 23D71D901AF569E400B58BB9;
			remoteInfo = RateMyParty;
		};
/* End PBXContainerItemProxy section */

/* Begin PBXFileReference section */
		23D71D911AF569E400B58BB9 /* RateMyParty.app */ = {isa = PBXFileReference; explicitFileType = wrapper.application; includeInIndex = 0; path = RateMyParty.app; sourceTree = BUILT_PRODUCTS_DIR; };
		23D71D951AF569E400B58BB9 /* Info.plist */ = {isa = PBXFileReference; lastKnownFileType = text.plist.xml; path = Info.plist; sourceTree = "<group>"; };
		23D71D961AF569E400B58BB9 /* AppDelegate.swift */ = {isa = PBXFileReference; lastKnownFileType = sourcecode.swift; path = AppDelegate.swift; sourceTree = "<group>"; };
		23D71D981AF569E400B58BB9 /* ViewController.swift */ = {isa = PBXFileReference; lastKnownFileType = sourcecode.swift; path = ViewController.swift; sourceTree = "<group>"; };
		23D71DA01AF569E500B58BB9 /* Base */ = {isa = PBXFileReference; lastKnownFileType = file.xib; name = Base; path = Base.lproj/LaunchScreen.xib; sourceTree = "<group>"; };
		23D71DA61AF569E500B58BB9 /* RateMyPartyTests.xctest */ = {isa = PBXFileReference; explicitFileType = wrapper.cfbundle; includeInIndex = 0; path = RateMyPartyTests.xctest; sourceTree = BUILT_PRODUCTS_DIR; };
		23D71DAB1AF569E500B58BB9 /* Info.plist */ = {isa = PBXFileReference; lastKnownFileType = text.plist.xml; path = Info.plist; sourceTree = "<group>"; };
		23D71DAC1AF569E500B58BB9 /* RateMyPartyTests.swift */ = {isa = PBXFileReference; lastKnownFileType = sourcecode.swift; path = RateMyPartyTests.swift; sourceTree = "<group>"; };
		23D71DB61AF56E1800B58BB9 /* party.jpg */ = {isa = PBXFileReference; lastKnownFileType = image.jpeg; path = party.jpg; sourceTree = "<group>"; };
		23D71DB91AF582A400B58BB9 /* SignUpViewController.swift */ = {isa = PBXFileReference; fileEncoding = 4; lastKnownFileType = sourcecode.swift; path = SignUpViewController.swift; sourceTree = "<group>"; };
		23D71DBD1AF5952300B58BB9 /* freshman.jpg */ = {isa = PBXFileReference; lastKnownFileType = image.jpeg; path = freshman.jpg; sourceTree = "<group>"; };
		23D71DBF1AF5DB8300B58BB9 /* MapViewController.swift */ = {isa = PBXFileReference; fileEncoding = 4; lastKnownFileType = sourcecode.swift; path = MapViewController.swift; sourceTree = "<group>"; };
		23D71DC11AF5E98A00B58BB9 /* UserDatabase.swift */ = {isa = PBXFileReference; fileEncoding = 4; lastKnownFileType = sourcecode.swift; name = UserDatabase.swift; path = ../UserDatabase.swift; sourceTree = "<group>"; };
		23D71DC31AF5EF8F00B58BB9 /* RateMyParty.entitlements */ = {isa = PBXFileReference; lastKnownFileType = text.xml; path = RateMyParty.entitlements; sourceTree = "<group>"; };
		23D71DC41AF5EF9400B58BB9 /* CloudKit.framework */ = {isa = PBXFileReference; lastKnownFileType = wrapper.framework; name = CloudKit.framework; path = System/Library/Frameworks/CloudKit.framework; sourceTree = SDKROOT; };
		23D71DC61AF61E1E00B58BB9 /* UserItem.swift */ = {isa = PBXFileReference; fileEncoding = 4; lastKnownFileType = sourcecode.swift; path = UserItem.swift; sourceTree = "<group>"; };
		23D71DCA1AF6E3E000B58BB9 /* Main.storyboard */ = {isa = PBXFileReference; fileEncoding = 4; lastKnownFileType = file.storyboard; path = Main.storyboard; sourceTree = "<group>"; };
		BBE939E51AF7585A00050D6A /* AddHouseDelegate.swift */ = {isa = PBXFileReference; fileEncoding = 4; lastKnownFileType = sourcecode.swift; path = AddHouseDelegate.swift; sourceTree = "<group>"; };
		BBE939E71AF7594300050D6A /* AddHouseViewController.swift */ = {isa = PBXFileReference; fileEncoding = 4; lastKnownFileType = sourcecode.swift; path = AddHouseViewController.swift; sourceTree = "<group>"; };
		BBE939E91AF853A200050D6A /* TopCloud.swift */ = {isa = PBXFileReference; fileEncoding = 4; lastKnownFileType = sourcecode.swift; path = TopCloud.swift; sourceTree = "<group>"; };
		BBE939EB1AF8754300050D6A /* PinDatabase.swift */ = {isa = PBXFileReference; fileEncoding = 4; lastKnownFileType = sourcecode.swift; path = PinDatabase.swift; sourceTree = "<group>"; };
		BBE939ED1AF89F9F00050D6A /* HouseItem.swift */ = {isa = PBXFileReference; fileEncoding = 4; lastKnownFileType = sourcecode.swift; path = HouseItem.swift; sourceTree = "<group>"; };
/* End PBXFileReference section */

/* Begin PBXFrameworksBuildPhase section */
		23D71D8E1AF569E400B58BB9 /* Frameworks */ = {
			isa = PBXFrameworksBuildPhase;
			buildActionMask = 2147483647;
			files = (
				23D71DC51AF5EF9400B58BB9 /* CloudKit.framework in Frameworks */,
			);
			runOnlyForDeploymentPostprocessing = 0;
		};
		23D71DA31AF569E500B58BB9 /* Frameworks */ = {
			isa = PBXFrameworksBuildPhase;
			buildActionMask = 2147483647;
			files = (
			);
			runOnlyForDeploymentPostprocessing = 0;
		};
/* End PBXFrameworksBuildPhase section */

/* Begin PBXGroup section */
		23D71D881AF569E400B58BB9 = {
			isa = PBXGroup;
			children = (
				BBE939ED1AF89F9F00050D6A /* HouseItem.swift */,
				23D71DC41AF5EF9400B58BB9 /* CloudKit.framework */,
				23D71D931AF569E400B58BB9 /* RateMyParty */,
				23D71DA91AF569E500B58BB9 /* RateMyPartyTests */,
				23D71D921AF569E400B58BB9 /* Products */,
			);
			sourceTree = "<group>";
		};
		23D71D921AF569E400B58BB9 /* Products */ = {
			isa = PBXGroup;
			children = (
				23D71D911AF569E400B58BB9 /* RateMyParty.app */,
				23D71DA61AF569E500B58BB9 /* RateMyPartyTests.xctest */,
			);
			name = Products;
			sourceTree = "<group>";
		};
		23D71D931AF569E400B58BB9 /* RateMyParty */ = {
			isa = PBXGroup;
			children = (
				23D71DC31AF5EF8F00B58BB9 /* RateMyParty.entitlements */,
				23D71DB81AF56E2100B58BB9 /* images */,
				23D71D961AF569E400B58BB9 /* AppDelegate.swift */,
				23D71DC11AF5E98A00B58BB9 /* UserDatabase.swift */,
				BBE939EB1AF8754300050D6A /* PinDatabase.swift */,
				BBE939E91AF853A200050D6A /* TopCloud.swift */,
				23D71DC61AF61E1E00B58BB9 /* UserItem.swift */,
				23D71DB91AF582A400B58BB9 /* SignUpViewController.swift */,
				23D71DBF1AF5DB8300B58BB9 /* MapViewController.swift */,
				23D71D981AF569E400B58BB9 /* ViewController.swift */,
				23D71D9F1AF569E500B58BB9 /* LaunchScreen.xib */,
				23D71DCA1AF6E3E000B58BB9 /* Main.storyboard */,
				BBE939E51AF7585A00050D6A /* AddHouseDelegate.swift */,
				BBE939E71AF7594300050D6A /* AddHouseViewController.swift */,
				23D71D941AF569E400B58BB9 /* Supporting Files */,
			);
			path = RateMyParty;
			sourceTree = "<group>";
		};
		23D71D941AF569E400B58BB9 /* Supporting Files */ = {
			isa = PBXGroup;
			children = (
				23D71D951AF569E400B58BB9 /* Info.plist */,
			);
			name = "Supporting Files";
			sourceTree = "<group>";
		};
		23D71DA91AF569E500B58BB9 /* RateMyPartyTests */ = {
			isa = PBXGroup;
			children = (
				23D71DAC1AF569E500B58BB9 /* RateMyPartyTests.swift */,
				23D71DAA1AF569E500B58BB9 /* Supporting Files */,
			);
			path = RateMyPartyTests;
			sourceTree = "<group>";
		};
		23D71DAA1AF569E500B58BB9 /* Supporting Files */ = {
			isa = PBXGroup;
			children = (
				23D71DAB1AF569E500B58BB9 /* Info.plist */,
			);
			name = "Supporting Files";
			sourceTree = "<group>";
		};
		23D71DB81AF56E2100B58BB9 /* images */ = {
			isa = PBXGroup;
			children = (
				23D71DBD1AF5952300B58BB9 /* freshman.jpg */,
				23D71DB61AF56E1800B58BB9 /* party.jpg */,
			);
			name = images;
			sourceTree = "<group>";
		};
/* End PBXGroup section */

/* Begin PBXNativeTarget section */
		23D71D901AF569E400B58BB9 /* RateMyParty */ = {
			isa = PBXNativeTarget;
			buildConfigurationList = 23D71DB01AF569E500B58BB9 /* Build configuration list for PBXNativeTarget "RateMyParty" */;
			buildPhases = (
				23D71D8D1AF569E400B58BB9 /* Sources */,
				23D71D8E1AF569E400B58BB9 /* Frameworks */,
				23D71D8F1AF569E400B58BB9 /* Resources */,
			);
			buildRules = (
			);
			dependencies = (
			);
			name = RateMyParty;
			productName = RateMyParty;
			productReference = 23D71D911AF569E400B58BB9 /* RateMyParty.app */;
			productType = "com.apple.product-type.application";
		};
		23D71DA51AF569E500B58BB9 /* RateMyPartyTests */ = {
			isa = PBXNativeTarget;
			buildConfigurationList = 23D71DB31AF569E500B58BB9 /* Build configuration list for PBXNativeTarget "RateMyPartyTests" */;
			buildPhases = (
				23D71DA21AF569E500B58BB9 /* Sources */,
				23D71DA31AF569E500B58BB9 /* Frameworks */,
				23D71DA41AF569E500B58BB9 /* Resources */,
			);
			buildRules = (
			);
			dependencies = (
				23D71DA81AF569E500B58BB9 /* PBXTargetDependency */,
			);
			name = RateMyPartyTests;
			productName = RateMyPartyTests;
			productReference = 23D71DA61AF569E500B58BB9 /* RateMyPartyTests.xctest */;
			productType = "com.apple.product-type.bundle.unit-test";
		};
/* End PBXNativeTarget section */

/* Begin PBXProject section */
		23D71D891AF569E400B58BB9 /* Project object */ = {
			isa = PBXProject;
			attributes = {
				LastUpgradeCheck = 0630;
				ORGANIZATIONNAME = BB;
				TargetAttributes = {
					23D71D901AF569E400B58BB9 = {
						CreatedOnToolsVersion = 6.3.1;
						DevelopmentTeam = L8C378HAQ9;
						SystemCapabilities = {
							com.apple.iCloud = {
								enabled = 1;
							};
						};
					};
					23D71DA51AF569E500B58BB9 = {
						CreatedOnToolsVersion = 6.3.1;
						TestTargetID = 23D71D901AF569E400B58BB9;
					};
				};
			};
			buildConfigurationList = 23D71D8C1AF569E400B58BB9 /* Build configuration list for PBXProject "RateMyParty" */;
			compatibilityVersion = "Xcode 3.2";
			developmentRegion = English;
			hasScannedForEncodings = 0;
			knownRegions = (
				en,
				Base,
			);
			mainGroup = 23D71D881AF569E400B58BB9;
			productRefGroup = 23D71D921AF569E400B58BB9 /* Products */;
			projectDirPath = "";
			projectRoot = "";
			targets = (
				23D71D901AF569E400B58BB9 /* RateMyParty */,
				23D71DA51AF569E500B58BB9 /* RateMyPartyTests */,
			);
		};
/* End PBXProject section */

/* Begin PBXResourcesBuildPhase section */
		23D71D8F1AF569E400B58BB9 /* Resources */ = {
			isa = PBXResourcesBuildPhase;
			buildActionMask = 2147483647;
			files = (
				23D71DB71AF56E1800B58BB9 /* party.jpg in Resources */,
				23D71DA11AF569E500B58BB9 /* LaunchScreen.xib in Resources */,
				23D71DBE1AF5952300B58BB9 /* freshman.jpg in Resources */,
				23D71DCB1AF6E3E000B58BB9 /* Main.storyboard in Resources */,
			);
			runOnlyForDeploymentPostprocessing = 0;
		};
		23D71DA41AF569E500B58BB9 /* Resources */ = {
			isa = PBXResourcesBuildPhase;
			buildActionMask = 2147483647;
			files = (
			);
			runOnlyForDeploymentPostprocessing = 0;
		};
/* End PBXResourcesBuildPhase section */

/* Begin PBXSourcesBuildPhase section */
		23D71D8D1AF569E400B58BB9 /* Sources */ = {
			isa = PBXSourcesBuildPhase;
			buildActionMask = 2147483647;
			files = (
				BBE939EE1AF89F9F00050D6A /* HouseItem.swift in Sources */,
				BBE939EC1AF8754300050D6A /* PinDatabase.swift in Sources */,
				BBE939E61AF7585A00050D6A /* AddHouseDelegate.swift in Sources */,
				23D71DC21AF5E98A00B58BB9 /* UserDatabase.swift in Sources */,
				BBE939EA1AF853A200050D6A /* TopCloud.swift in Sources */,
				23D71DBA1AF582A400B58BB9 /* SignUpViewController.swift in Sources */,
				BBE939E81AF7594300050D6A /* AddHouseViewController.swift in Sources */,
				23D71D991AF569E400B58BB9 /* ViewController.swift in Sources */,
				23D71D971AF569E400B58BB9 /* AppDelegate.swift in Sources */,
				23D71DC01AF5DB8300B58BB9 /* MapViewController.swift in Sources */,
				23D71DC71AF61E1E00B58BB9 /* UserItem.swift in Sources */,
			);
			runOnlyForDeploymentPostprocessing = 0;
		};
		23D71DA21AF569E500B58BB9 /* Sources */ = {
			isa = PBXSourcesBuildPhase;
			buildActionMask = 2147483647;
			files = (
				23D71DAD1AF569E500B58BB9 /* RateMyPartyTests.swift in Sources */,
			);
			runOnlyForDeploymentPostprocessing = 0;
		};
/* End PBXSourcesBuildPhase section */

/* Begin PBXTargetDependency section */
		23D71DA81AF569E500B58BB9 /* PBXTargetDependency */ = {
			isa = PBXTargetDependency;
			target = 23D71D901AF569E400B58BB9 /* RateMyParty */;
			targetProxy = 23D71DA71AF569E500B58BB9 /* PBXContainerItemProxy */;
		};
/* End PBXTargetDependency section */

/* Begin PBXVariantGroup section */
		23D71D9F1AF569E500B58BB9 /* LaunchScreen.xib */ = {
			isa = PBXVariantGroup;
			children = (
				23D71DA01AF569E500B58BB9 /* Base */,
			);
			name = LaunchScreen.xib;
			sourceTree = "<group>";
		};
/* End PBXVariantGroup section */

/* Begin XCBuildConfiguration section */
		23D71DAE1AF569E500B58BB9 /* Debug */ = {
			isa = XCBuildConfiguration;
			buildSettings = {
				ALWAYS_SEARCH_USER_PATHS = NO;
				CLANG_CXX_LANGUAGE_STANDARD = "gnu++0x";
				CLANG_CXX_LIBRARY = "libc++";
				CLANG_ENABLE_MODULES = YES;
				CLANG_ENABLE_OBJC_ARC = YES;
				CLANG_WARN_BOOL_CONVERSION = YES;
				CLANG_WARN_CONSTANT_CONVERSION = YES;
				CLANG_WARN_DIRECT_OBJC_ISA_USAGE = YES_ERROR;
				CLANG_WARN_EMPTY_BODY = YES;
				CLANG_WARN_ENUM_CONVERSION = YES;
				CLANG_WARN_INT_CONVERSION = YES;
				CLANG_WARN_OBJC_ROOT_CLASS = YES_ERROR;
				CLANG_WARN_UNREACHABLE_CODE = YES;
				CLANG_WARN__DUPLICATE_METHOD_MATCH = YES;
				"CODE_SIGN_IDENTITY[sdk=iphoneos*]" = "iPhone Developer";
				COPY_PHASE_STRIP = NO;
				DEBUG_INFORMATION_FORMAT = "dwarf-with-dsym";
				ENABLE_STRICT_OBJC_MSGSEND = YES;
				GCC_C_LANGUAGE_STANDARD = gnu99;
				GCC_DYNAMIC_NO_PIC = NO;
				GCC_NO_COMMON_BLOCKS = YES;
				GCC_OPTIMIZATION_LEVEL = 0;
				GCC_PREPROCESSOR_DEFINITIONS = (
					"DEBUG=1",
					"$(inherited)",
				);
				GCC_SYMBOLS_PRIVATE_EXTERN = NO;
				GCC_WARN_64_TO_32_BIT_CONVERSION = YES;
				GCC_WARN_ABOUT_RETURN_TYPE = YES_ERROR;
				GCC_WARN_UNDECLARED_SELECTOR = YES;
				GCC_WARN_UNINITIALIZED_AUTOS = YES_AGGRESSIVE;
				GCC_WARN_UNUSED_FUNCTION = YES;
				GCC_WARN_UNUSED_VARIABLE = YES;
				IPHONEOS_DEPLOYMENT_TARGET = 8.3;
				MTL_ENABLE_DEBUG_INFO = YES;
				ONLY_ACTIVE_ARCH = YES;
				SDKROOT = iphoneos;
				SWIFT_OPTIMIZATION_LEVEL = "-Onone";
			};
			name = Debug;
		};
		23D71DAF1AF569E500B58BB9 /* Release */ = {
			isa = XCBuildConfiguration;
			buildSettings = {
				ALWAYS_SEARCH_USER_PATHS = NO;
				CLANG_CXX_LANGUAGE_STANDARD = "gnu++0x";
				CLANG_CXX_LIBRARY = "libc++";
				CLANG_ENABLE_MODULES = YES;
				CLANG_ENABLE_OBJC_ARC = YES;
				CLANG_WARN_BOOL_CONVERSION = YES;
				CLANG_WARN_CONSTANT_CONVERSION = YES;
				CLANG_WARN_DIRECT_OBJC_ISA_USAGE = YES_ERROR;
				CLANG_WARN_EMPTY_BODY = YES;
				CLANG_WARN_ENUM_CONVERSION = YES;
				CLANG_WARN_INT_CONVERSION = YES;
				CLANG_WARN_OBJC_ROOT_CLASS = YES_ERROR;
				CLANG_WARN_UNREACHABLE_CODE = YES;
				CLANG_WARN__DUPLICATE_METHOD_MATCH = YES;
				"CODE_SIGN_IDENTITY[sdk=iphoneos*]" = "iPhone Developer";
				COPY_PHASE_STRIP = NO;
				DEBUG_INFORMATION_FORMAT = "dwarf-with-dsym";
				ENABLE_NS_ASSERTIONS = NO;
				ENABLE_STRICT_OBJC_MSGSEND = YES;
				GCC_C_LANGUAGE_STANDARD = gnu99;
				GCC_NO_COMMON_BLOCKS = YES;
				GCC_WARN_64_TO_32_BIT_CONVERSION = YES;
				GCC_WARN_ABOUT_RETURN_TYPE = YES_ERROR;
				GCC_WARN_UNDECLARED_SELECTOR = YES;
				GCC_WARN_UNINITIALIZED_AUTOS = YES_AGGRESSIVE;
				GCC_WARN_UNUSED_FUNCTION = YES;
				GCC_WARN_UNUSED_VARIABLE = YES;
				IPHONEOS_DEPLOYMENT_TARGET = 8.3;
				MTL_ENABLE_DEBUG_INFO = NO;
				SDKROOT = iphoneos;
				VALIDATE_PRODUCT = YES;
			};
			name = Release;
		};
		23D71DB11AF569E500B58BB9 /* Debug */ = {
			isa = XCBuildConfiguration;
			buildSettings = {
				ASSETCATALOG_COMPILER_APPICON_NAME = AppIcon;
				CODE_SIGN_ENTITLEMENTS = RateMyParty/RateMyParty.entitlements;
				CODE_SIGN_IDENTITY = "iPhone Developer";
				"CODE_SIGN_IDENTITY[sdk=iphoneos*]" = "iPhone Developer";
				INFOPLIST_FILE = RateMyParty/Info.plist;
				LD_RUNPATH_SEARCH_PATHS = "$(inherited) @executable_path/Frameworks";
				PRODUCT_NAME = "$(TARGET_NAME)";
				PROVISIONING_PROFILE = "";
			};
			name = Debug;
		};
		23D71DB21AF569E500B58BB9 /* Release */ = {
			isa = XCBuildConfiguration;
			buildSettings = {
				ASSETCATALOG_COMPILER_APPICON_NAME = AppIcon;
				CODE_SIGN_ENTITLEMENTS = RateMyParty/RateMyParty.entitlements;
				CODE_SIGN_IDENTITY = "iPhone Developer";
				"CODE_SIGN_IDENTITY[sdk=iphoneos*]" = "iPhone Developer";
				INFOPLIST_FILE = RateMyParty/Info.plist;
				LD_RUNPATH_SEARCH_PATHS = "$(inherited) @executable_path/Frameworks";
				PRODUCT_NAME = "$(TARGET_NAME)";
				PROVISIONING_PROFILE = "";
			};
			name = Release;
		};
		23D71DB41AF569E500B58BB9 /* Debug */ = {
			isa = XCBuildConfiguration;
			buildSettings = {
				BUNDLE_LOADER = "$(TEST_HOST)";
				FRAMEWORK_SEARCH_PATHS = (
					"$(SDKROOT)/Developer/Library/Frameworks",
					"$(inherited)",
				);
				GCC_PREPROCESSOR_DEFINITIONS = (
					"DEBUG=1",
					"$(inherited)",
				);
				INFOPLIST_FILE = RateMyPartyTests/Info.plist;
				LD_RUNPATH_SEARCH_PATHS = "$(inherited) @executable_path/Frameworks @loader_path/Frameworks";
				PRODUCT_NAME = "$(TARGET_NAME)";
				TEST_HOST = "$(BUILT_PRODUCTS_DIR)/RateMyParty.app/RateMyParty";
			};
			name = Debug;
		};
		23D71DB51AF569E500B58BB9 /* Release */ = {
			isa = XCBuildConfiguration;
			buildSettings = {
				BUNDLE_LOADER = "$(TEST_HOST)";
				FRAMEWORK_SEARCH_PATHS = (
					"$(SDKROOT)/Developer/Library/Frameworks",
					"$(inherited)",
				);
				INFOPLIST_FILE = RateMyPartyTests/Info.plist;
				LD_RUNPATH_SEARCH_PATHS = "$(inherited) @executable_path/Frameworks @loader_path/Frameworks";
				PRODUCT_NAME = "$(TARGET_NAME)";
				TEST_HOST = "$(BUILT_PRODUCTS_DIR)/RateMyParty.app/RateMyParty";
			};
			name = Release;
		};
/* End XCBuildConfiguration section */

/* Begin XCConfigurationList section */
		23D71D8C1AF569E400B58BB9 /* Build configuration list for PBXProject "RateMyParty" */ = {
			isa = XCConfigurationList;
			buildConfigurations = (
				23D71DAE1AF569E500B58BB9 /* Debug */,
				23D71DAF1AF569E500B58BB9 /* Release */,
			);
			defaultConfigurationIsVisible = 0;
			defaultConfigurationName = Release;
		};
		23D71DB01AF569E500B58BB9 /* Build configuration list for PBXNativeTarget "RateMyParty" */ = {
			isa = XCConfigurationList;
			buildConfigurations = (
				23D71DB11AF569E500B58BB9 /* Debug */,
				23D71DB21AF569E500B58BB9 /* Release */,
			);
			defaultConfigurationIsVisible = 0;
			defaultConfigurationName = Release;
		};
		23D71DB31AF569E500B58BB9 /* Build configuration list for PBXNativeTarget "RateMyPartyTests" */ = {
			isa = XCConfigurationList;
			buildConfigurations = (
				23D71DB41AF569E500B58BB9 /* Debug */,
				23D71DB51AF569E500B58BB9 /* Release */,
			);
			defaultConfigurationIsVisible = 0;
			defaultConfigurationName = Release;
		};
/* End XCConfigurationList section */
	};
	rootObject = 23D71D891AF569E400B58BB9 /* Project object */;
}
